
Microsoft Visual Studio Solution File, Format Version 12.00
# Visual Studio Version 17
VisualStudioVersion = 17.6.33829.357
MinimumVisualStudioVersion = 10.0.40219.1
Project("{FAE04EC0-301F-11D3-BF4B-00C04F79EFBC}") = "ItrCalc", "ItrCalc\ItrCalc.csproj", "{161543B3-AB86-451C-B2A1-C9E2A611DB22}"
EndProject
Global
	GlobalSection(SolutionConfigurationPlatforms) = preSolution
		Debug|Any CPU = Debug|Any CPU
		Release|Any CPU = Release|Any CPU
	EndGlobalSection
	GlobalSection(ProjectConfigurationPlatforms) = postSolution
		{161543B3-AB86-451C-B2A1-C9E2A611DB22}.Debug|Any CPU.ActiveCfg = Debug|Any CPU
		{161543B3-AB86-451C-B2A1-C9E2A611DB22}.Debug|Any CPU.Build.0 = Debug|Any CPU
		{161543B3-AB86-451C-B2A1-C9E2A611DB22}.Release|Any CPU.ActiveCfg = Release|Any CPU
		{161543B3-AB86-451C-B2A1-C9E2A611DB22}.Release|Any CPU.Build.0 = Release|Any CPU
	EndGlobalSection
	GlobalSection(SolutionProperties) = preSolution
		HideSolutionNode = FALSE
	EndGlobalSection
	GlobalSection(ExtensibilityGlobals) = postSolution
		SolutionGuid = {327FFF87-0249-460F-BE00-3E62DB33063F}
	EndGlobalSection
EndGlobal
